
Microsoft Visual Studio Solution File, Format Version 12.00
# Visual Studio Version 16
VisualStudioVersion = 16.0.33027.164
MinimumVisualStudioVersion = 10.0.40219.1
Project("{9A19103F-16F7-4668-BE54-9A1E7A4F7556}") = "todo-aspnetmvc-ui", "todo-application\todo-aspnetmvc-ui.csproj", "{626E9F55-F170-42E1-A024-F747D7D822DE}"
EndProject
Project("{9A19103F-16F7-4668-BE54-9A1E7A4F7556}") = "todo-domain-entities", "todo-domain-entities\todo-domain-entities.csproj", "{241FE36E-795C-416B-90A0-35D8AFD6864C}"
EndProject
Global
	GlobalSection(SolutionConfigurationPlatforms) = preSolution
		Debug|Any CPU = Debug|Any CPU
		Release|Any CPU = Release|Any CPU
	EndGlobalSection
	GlobalSection(ProjectConfigurationPlatforms) = postSolution
		{626E9F55-F170-42E1-A024-F747D7D822DE}.Debug|Any CPU.ActiveCfg = Debug|Any CPU
		{626E9F55-F170-42E1-A024-F747D7D822DE}.Debug|Any CPU.Build.0 = Debug|Any CPU
		{626E9F55-F170-42E1-A024-F747D7D822DE}.Release|Any CPU.ActiveCfg = Release|Any CPU
		{626E9F55-F170-42E1-A024-F747D7D822DE}.Release|Any CPU.Build.0 = Release|Any CPU
		{241FE36E-795C-416B-90A0-35D8AFD6864C}.Debug|Any CPU.ActiveCfg = Debug|Any CPU
		{241FE36E-795C-416B-90A0-35D8AFD6864C}.Debug|Any CPU.Build.0 = Debug|Any CPU
		{241FE36E-795C-416B-90A0-35D8AFD6864C}.Release|Any CPU.ActiveCfg = Release|Any CPU
		{241FE36E-795C-416B-90A0-35D8AFD6864C}.Release|Any CPU.Build.0 = Release|Any CPU
	EndGlobalSection
	GlobalSection(SolutionProperties) = preSolution
		HideSolutionNode = FALSE
	EndGlobalSection
	GlobalSection(ExtensibilityGlobals) = postSolution
		SolutionGuid = {B2EB8434-4C48-493F-9010-0C3F3FD592E6}
	EndGlobalSection
EndGlobal
